{
  "name": "@oligami/rustc-browser-wasi_shim",
  "version": "0.1.0",
  "lockfileVersion": 3,
  "requires": true,
  "packages": {
    "": {
      "name": "@oligami/rustc-browser-wasi_shim",
      "version": "0.1.0",
      "license": "MIT OR Apache-2.0",
      "dependencies": {
        "@bjorn3/browser_wasi_shim": "^0.3.0",
        "@oligami/browser_wasi_shim-threads": "^0.1.0",
        "@oligami/rustc-browser-wasi_shim": "file:",
        "@oligami/shared-object": "0.1.1"
      }
    },
    "node_modules/@bjorn3/browser_wasi_shim": {
      "version": "0.3.0",
      "resolved": "https://registry.npmjs.org/@bjorn3/browser_wasi_shim/-/browser_wasi_shim-0.3.0.tgz",
      "integrity": "sha512-FlRBYttPRLcWORzBe6g8nmYTafBkOEFeOqMYM4tAHJzFsQy4+xJA94z85a9BCs8S+Uzfh9LrkpII7DXr2iUVFg==",
      "license": "MIT OR Apache-2.0"
    },
    "node_modules/@oligami/browser_wasi_shim-threads": {
      "version": "0.1.0",
      "resolved": "https://registry.npmjs.org/@oligami/browser_wasi_shim-threads/-/browser_wasi_shim-threads-0.1.0.tgz",
      "integrity": "sha512-zP/LyECE50hf5cM3tOKWQHpa7YzJ7IH+eD4AcKzNFyI/o21FRpKQqfGzmsksxH6Mu8ItKBtXjujU/RZtw0uPMQ==",
      "license": "MIT OR Apache-2.0",
      "dependencies": {
        "@bjorn3/browser_wasi_shim": "^0.3.0",
        "@oligami/browser_wasi_shim-threads": "file:"
      },
      "peerDependencies": {
        "@bjorn3/browser_wasi_shim": "^0.3.0"
      }
    },
    "node_modules/@oligami/browser_wasi_shim-threads/node_modules/@oligami/browser_wasi_shim-threads": {
      "resolved": "node_modules/@oligami/browser_wasi_shim-threads",
      "link": true
    },
    "node_modules/@oligami/rustc-browser-wasi_shim": {
      "resolved": "",
      "link": true
    },
    "node_modules/@oligami/shared-object": {
      "version": "0.1.1",
      "resolved": "https://registry.npmjs.org/@oligami/shared-object/-/shared-object-0.1.1.tgz",
      "integrity": "sha512-1N5k8IL+JjD0lPiLR+NXT7BFzvnlPaBioMry9RZOL+4YI54TpW4fmkgys9rlyVo4hZB0DL5t8pgzXxq+IIO7fg==",
      "license": "MIT",
      "dependencies": {
        "shared-object": "file:"
      }
    },
    "node_modules/shared-object": {
      "resolved": "node_modules/@oligami/shared-object",
      "link": true
    }
  }
}
