{
  "name": "rubrc",
  "version": "1.0.0",
  "lockfileVersion": 3,
  "requires": true,
  "packages": {
    "": {
      "name": "rubrc",
      "version": "1.0.0",
      "license": "MIT OR Apache-2.0",
      "dependencies": {
        "@bjorn3/browser_wasi_shim": "^0.3.0",
        "@oligami/browser_wasi_shim-threads": "^0.1.1",
        "@oligami/shared-object": "0.1.1",
        "@thisbeyond/solid-select": "^0.15.0",
        "@xterm/addon-fit": "^0.10.0",
        "@xterm/addon-search": "^0.15.0",
        "@xterm/xterm": "^5.5.0",
        "install": "^0.13.0",
        "nanotar": "^0.1.1",
        "rubrc": "file:",
        "solid-js": "^1.9.3",
        "solid-monaco": "^0.3.0"
      }
    },
    "node_modules/@bjorn3/browser_wasi_shim": {
      "version": "0.3.0",
      "resolved": "https://registry.npmjs.org/@bjorn3/browser_wasi_shim/-/browser_wasi_shim-0.3.0.tgz",
      "integrity": "sha512-FlRBYttPRLcWORzBe6g8nmYTafBkOEFeOqMYM4tAHJzFsQy4+xJA94z85a9BCs8S+Uzfh9LrkpII7DXr2iUVFg==",
      "license": "MIT OR Apache-2.0"
    },
    "node_modules/@monaco-editor/loader": {
      "version": "1.4.0",
      "resolved": "https://registry.npmjs.org/@monaco-editor/loader/-/loader-1.4.0.tgz",
      "integrity": "sha512-00ioBig0x642hytVspPl7DbQyaSWRaolYie/UFNjoTdvoKPzo6xrXLhTk9ixgIKcLH5b5vDOjVNiGyY+uDCUlg==",
      "license": "MIT",
      "dependencies": {
        "state-local": "^1.0.6"
      },
      "peerDependencies": {
        "monaco-editor": ">= 0.21.0 < 1"
      }
    },
    "node_modules/@oligami/browser_wasi_shim-threads": {
      "version": "0.1.1",
      "resolved": "https://registry.npmjs.org/@oligami/browser_wasi_shim-threads/-/browser_wasi_shim-threads-0.1.1.tgz",
      "integrity": "sha512-j47+NIQr10DojLfJvsMYYP0OQTbsuEa0sZaLLSPMyTgfUfE5eFPUJtf8SrUR6666nYIL0RoES720f9jWk+n7aQ==",
      "license": "MIT OR Apache-2.0",
      "dependencies": {
        "@bjorn3/browser_wasi_shim": "^0.3.0",
        "@oligami/browser_wasi_shim-threads": "file:"
      },
      "peerDependencies": {
        "@bjorn3/browser_wasi_shim": "^0.3.0"
      }
    },
    "node_modules/@oligami/browser_wasi_shim-threads/node_modules/@oligami/browser_wasi_shim-threads": {
      "resolved": "node_modules/@oligami/browser_wasi_shim-threads",
      "link": true
    },
    "node_modules/@oligami/shared-object": {
      "version": "0.1.1",
      "resolved": "https://registry.npmjs.org/@oligami/shared-object/-/shared-object-0.1.1.tgz",
      "integrity": "sha512-1N5k8IL+JjD0lPiLR+NXT7BFzvnlPaBioMry9RZOL+4YI54TpW4fmkgys9rlyVo4hZB0DL5t8pgzXxq+IIO7fg==",
      "license": "MIT",
      "dependencies": {
        "shared-object": "file:"
      }
    },
    "node_modules/@thisbeyond/solid-select": {
      "version": "0.15.0",
      "resolved": "https://registry.npmjs.org/@thisbeyond/solid-select/-/solid-select-0.15.0.tgz",
      "integrity": "sha512-L3QnA5vm09JWNqLR4QqEIi7cgfs9/1sJbFjyEnPskjKpxEvb4G+Iy5cyd1qhZ2vAIZ9vaLd3udts3kefayPsMg==",
      "license": "MIT",
      "engines": {
        "node": ">=18.0.0",
        "pnpm": ">=9.0.0"
      },
      "peerDependencies": {
        "solid-js": "^1.8"
      }
    },
    "node_modules/@xterm/addon-fit": {
      "version": "0.10.0",
      "resolved": "https://registry.npmjs.org/@xterm/addon-fit/-/addon-fit-0.10.0.tgz",
      "integrity": "sha512-UFYkDm4HUahf2lnEyHvio51TNGiLK66mqP2JoATy7hRZeXaGMRDr00JiSF7m63vR5WKATF605yEggJKsw0JpMQ==",
      "license": "MIT",
      "peerDependencies": {
        "@xterm/xterm": "^5.0.0"
      }
    },
    "node_modules/@xterm/addon-search": {
      "version": "0.15.0",
      "resolved": "https://registry.npmjs.org/@xterm/addon-search/-/addon-search-0.15.0.tgz",
      "integrity": "sha512-ZBZKLQ+EuKE83CqCmSSz5y1tx+aNOCUaA7dm6emgOX+8J9H1FWXZyrKfzjwzV+V14TV3xToz1goIeRhXBS5qjg==",
      "license": "MIT",
      "peerDependencies": {
        "@xterm/xterm": "^5.0.0"
      }
    },
    "node_modules/@xterm/xterm": {
      "version": "5.5.0",
      "resolved": "https://registry.npmjs.org/@xterm/xterm/-/xterm-5.5.0.tgz",
      "integrity": "sha512-hqJHYaQb5OptNunnyAnkHyM8aCjZ1MEIDTQu1iIbbTD/xops91NB5yq1ZK/dC2JDbVWtF23zUtl9JE2NqwT87A==",
      "license": "MIT"
    },
    "node_modules/csstype": {
      "version": "3.1.3",
      "resolved": "https://registry.npmjs.org/csstype/-/csstype-3.1.3.tgz",
      "integrity": "sha512-M1uQkMl8rQK/szD0LNhtqxIPLpimGm8sOBwU7lLnCpSbTyY3yeU1Vc7l4KT5zT4s/yOxHH5O7tIuuLOCnLADRw==",
      "license": "MIT"
    },
    "node_modules/install": {
      "version": "0.13.0",
      "resolved": "https://registry.npmjs.org/install/-/install-0.13.0.tgz",
      "integrity": "sha512-zDml/jzr2PKU9I8J/xyZBQn8rPCAY//UOYNmR01XwNwyfhEWObo2SWfSl1+0tm1u6PhxLwDnfsT/6jB7OUxqFA==",
      "license": "MIT",
      "engines": {
        "node": ">= 0.10"
      }
    },
    "node_modules/monaco-editor": {
      "version": "0.48.0",
      "resolved": "https://registry.npmjs.org/monaco-editor/-/monaco-editor-0.48.0.tgz",
      "integrity": "sha512-goSDElNqFfw7iDHMg8WDATkfcyeLTNpBHQpO8incK6p5qZt5G/1j41X0xdGzpIkGojGXM+QiRQyLjnfDVvrpwA==",
      "license": "MIT",
      "peer": true
    },
    "node_modules/nanotar": {
      "version": "0.1.1",
      "resolved": "https://registry.npmjs.org/nanotar/-/nanotar-0.1.1.tgz",
      "integrity": "sha512-AiJsGsSF3O0havL1BydvI4+wR76sKT+okKRwWIaK96cZUnXqH0uNBOsHlbwZq3+m2BR1VKqHDVudl3gO4mYjpQ==",
      "license": "MIT"
    },
    "node_modules/rubrc": {
      "resolved": "",
      "link": true
    },
    "node_modules/seroval": {
      "version": "1.1.1",
      "resolved": "https://registry.npmjs.org/seroval/-/seroval-1.1.1.tgz",
      "integrity": "sha512-rqEO6FZk8mv7Hyv4UCj3FD3b6Waqft605TLfsCe/BiaylRpyyMC0b+uA5TJKawX3KzMrdi3wsLbCaLplrQmBvQ==",
      "license": "MIT",
      "engines": {
        "node": ">=10"
      }
    },
    "node_modules/seroval-plugins": {
      "version": "1.1.1",
      "resolved": "https://registry.npmjs.org/seroval-plugins/-/seroval-plugins-1.1.1.tgz",
      "integrity": "sha512-qNSy1+nUj7hsCOon7AO4wdAIo9P0jrzAMp18XhiOzA6/uO5TKtP7ScozVJ8T293oRIvi5wyCHSM4TrJo/c/GJA==",
      "license": "MIT",
      "engines": {
        "node": ">=10"
      },
      "peerDependencies": {
        "seroval": "^1.0"
      }
    },
    "node_modules/shared-object": {
      "resolved": "node_modules/@oligami/shared-object",
      "link": true
    },
    "node_modules/solid-js": {
      "version": "1.9.3",
      "resolved": "https://registry.npmjs.org/solid-js/-/solid-js-1.9.3.tgz",
      "integrity": "sha512-5ba3taPoZGt9GY3YlsCB24kCg0Lv/rie/HTD4kG6h4daZZz7+yK02xn8Vx8dLYBc9i6Ps5JwAbEiqjmKaLB3Ag==",
      "license": "MIT",
      "dependencies": {
        "csstype": "^3.1.0",
        "seroval": "^1.1.0",
        "seroval-plugins": "^1.1.0"
      }
    },
    "node_modules/solid-monaco": {
      "version": "0.3.0",
      "resolved": "https://registry.npmjs.org/solid-monaco/-/solid-monaco-0.3.0.tgz",
      "integrity": "sha512-MsJLrCWysv5ONdOjC4kShNoBXJWuwjP6JplJLQWG7pL00XSfvqBEKUF0wLVdaKfntf50Qz8NAd7Yx7dq67bjPA==",
      "license": "MIT",
      "dependencies": {
        "@monaco-editor/loader": "^1.4.0"
      },
      "engines": {
        "node": ">=18",
        "pnpm": ">=8.6.0"
      },
      "peerDependencies": {
        "monaco-editor": "^0.48.0",
        "solid-js": "^1.8.0"
      }
    },
    "node_modules/state-local": {
      "version": "1.0.7",
      "resolved": "https://registry.npmjs.org/state-local/-/state-local-1.0.7.tgz",
      "integrity": "sha512-HTEHMNieakEnoe33shBYcZ7NX83ACUjCu8c40iOGEZsngj9zRnkqS9j1pqQPXwobB0ZcVTk27REb7COQ0UR59w==",
      "license": "MIT"
    }
  }
}
